
Microsoft Visual Studio Solution File, Format Version 12.00
# Visual Studio Version 16
VisualStudioVersion = 16.0.31410.357
MinimumVisualStudioVersion = 10.0.40219.1
Project("{FAE04EC0-301F-11D3-BF4B-00C04F79EFBC}") = "TechBeauty.Csl", "TechBeauty.Csl\TechBeauty.Csl.csproj", "{21408842-00BA-4EFB-8C88-18F9DD7893E0}"
EndProject
Project("{FAE04EC0-301F-11D3-BF4B-00C04F79EFBC}") = "TechBeauty.Dominio", "TechBeauty.Dominio\TechBeauty.Dominio.csproj", "{83F117CC-6787-4318-96AD-AC835A2A4AF6}"
EndProject
Global
	GlobalSection(SolutionConfigurationPlatforms) = preSolution
		Debug|Any CPU = Debug|Any CPU
		Release|Any CPU = Release|Any CPU
	EndGlobalSection
	GlobalSection(ProjectConfigurationPlatforms) = postSolution
		{21408842-00BA-4EFB-8C88-18F9DD7893E0}.Debug|Any CPU.ActiveCfg = Debug|Any CPU
		{21408842-00BA-4EFB-8C88-18F9DD7893E0}.Debug|Any CPU.Build.0 = Debug|Any CPU
		{21408842-00BA-4EFB-8C88-18F9DD7893E0}.Release|Any CPU.ActiveCfg = Release|Any CPU
		{21408842-00BA-4EFB-8C88-18F9DD7893E0}.Release|Any CPU.Build.0 = Release|Any CPU
		{83F117CC-6787-4318-96AD-AC835A2A4AF6}.Debug|Any CPU.ActiveCfg = Debug|Any CPU
		{83F117CC-6787-4318-96AD-AC835A2A4AF6}.Debug|Any CPU.Build.0 = Debug|Any CPU
		{83F117CC-6787-4318-96AD-AC835A2A4AF6}.Release|Any CPU.ActiveCfg = Release|Any CPU
		{83F117CC-6787-4318-96AD-AC835A2A4AF6}.Release|Any CPU.Build.0 = Release|Any CPU
	EndGlobalSection
	GlobalSection(SolutionProperties) = preSolution
		HideSolutionNode = FALSE
	EndGlobalSection
	GlobalSection(ExtensibilityGlobals) = postSolution
		SolutionGuid = {95038ED5-44CF-4658-A96C-CF830360F791}
	EndGlobalSection
EndGlobal
